
Microsoft Visual Studio Solution File, Format Version 12.00
# Visual Studio Version 17
VisualStudioVersion = 17.9.34728.123
MinimumVisualStudioVersion = 10.0.40219.1
Project("{9A19103F-16F7-4668-BE54-9A1E7A4F7556}") = "ApiCredit", "src\ApiCredit.csproj", "{98D5566A-CF2C-44B7-8D17-96BAD485B7A9}"
EndProject
Project("{FAE04EC0-301F-11D3-BF4B-00C04F79EFBC}") = "ApiCredit.Tests", "ApiCredit.Tests\ApiCredit.Tests.csproj", "{835F2D71-5A5B-49C3-A43E-B05CA15AE97B}"
EndProject
Global
	GlobalSection(SolutionConfigurationPlatforms) = preSolution
		Debug|Any CPU = Debug|Any CPU
		Release|Any CPU = Release|Any CPU
	EndGlobalSection
	GlobalSection(ProjectConfigurationPlatforms) = postSolution
		{98D5566A-CF2C-44B7-8D17-96BAD485B7A9}.Debug|Any CPU.ActiveCfg = Debug|Any CPU
		{98D5566A-CF2C-44B7-8D17-96BAD485B7A9}.Debug|Any CPU.Build.0 = Debug|Any CPU
		{98D5566A-CF2C-44B7-8D17-96BAD485B7A9}.Release|Any CPU.ActiveCfg = Release|Any CPU
		{98D5566A-CF2C-44B7-8D17-96BAD485B7A9}.Release|Any CPU.Build.0 = Release|Any CPU
		{835F2D71-5A5B-49C3-A43E-B05CA15AE97B}.Debug|Any CPU.ActiveCfg = Debug|Any CPU
		{835F2D71-5A5B-49C3-A43E-B05CA15AE97B}.Debug|Any CPU.Build.0 = Debug|Any CPU
		{835F2D71-5A5B-49C3-A43E-B05CA15AE97B}.Release|Any CPU.ActiveCfg = Release|Any CPU
		{835F2D71-5A5B-49C3-A43E-B05CA15AE97B}.Release|Any CPU.Build.0 = Release|Any CPU
	EndGlobalSection
	GlobalSection(SolutionProperties) = preSolution
		HideSolutionNode = FALSE
	EndGlobalSection
	GlobalSection(ExtensibilityGlobals) = postSolution
		SolutionGuid = {BE2B1CFE-A507-46A8-A95F-7404F0F47D79}
	EndGlobalSection
EndGlobal
